
Microsoft Visual Studio Solution File, Format Version 12.00
# Visual Studio Version 16
VisualStudioVersion = 16.0.29001.49
MinimumVisualStudioVersion = 10.0.40219.1
Project("{FAE04EC0-301F-11D3-BF4B-00C04F79EFBC}") = "DataCraftTests", "DataCraftTests\DataCraftTests.csproj", "{DE2E1F2B-504B-429C-AB6F-692EA0E1FE56}"
EndProject
Project("{FAE04EC0-301F-11D3-BF4B-00C04F79EFBC}") = "DataCraft", "DataCraft\DataCraft.csproj", "{D57DBC6F-C4A6-4312-A186-BB34D051898A}"
EndProject
Project("{FAE04EC0-301F-11D3-BF4B-00C04F79EFBC}") = "DataCraftExample", "DataCraftExample\DataCraftExample.csproj", "{097AD490-45A5-49B6-9E70-1364EB51E3E7}"
EndProject
Project("{FAE04EC0-301F-11D3-BF4B-00C04F79EFBC}") = "WebClient", "WebClient\WebClient.csproj", "{62BD9CF6-CB96-4155-B5E1-FEC44D46240B}"
EndProject
Project("{FAE04EC0-301F-11D3-BF4B-00C04F79EFBC}") = "WebAPI", "WebAPI\WebAPI.csproj", "{ECB05FF9-D5EE-4B1B-8EBF-2DB32946225C}"
EndProject
Project("{FAE04EC0-301F-11D3-BF4B-00C04F79EFBC}") = "DataCraftConsoleApp", "DataCraftConsoleApp\DataCraftConsoleApp.csproj", "{42718E6A-027B-4037-BC40-B82D4F96D4AC}"
EndProject
Global
	GlobalSection(SolutionConfigurationPlatforms) = preSolution
		Debug|Any CPU = Debug|Any CPU
		Release|Any CPU = Release|Any CPU
	EndGlobalSection
	GlobalSection(ProjectConfigurationPlatforms) = postSolution
		{DE2E1F2B-504B-429C-AB6F-692EA0E1FE56}.Debug|Any CPU.ActiveCfg = Debug|Any CPU
		{DE2E1F2B-504B-429C-AB6F-692EA0E1FE56}.Debug|Any CPU.Build.0 = Debug|Any CPU
		{DE2E1F2B-504B-429C-AB6F-692EA0E1FE56}.Release|Any CPU.ActiveCfg = Release|Any CPU
		{DE2E1F2B-504B-429C-AB6F-692EA0E1FE56}.Release|Any CPU.Build.0 = Release|Any CPU
		{D57DBC6F-C4A6-4312-A186-BB34D051898A}.Debug|Any CPU.ActiveCfg = Debug|Any CPU
		{D57DBC6F-C4A6-4312-A186-BB34D051898A}.Debug|Any CPU.Build.0 = Debug|Any CPU
		{D57DBC6F-C4A6-4312-A186-BB34D051898A}.Release|Any CPU.ActiveCfg = Release|Any CPU
		{D57DBC6F-C4A6-4312-A186-BB34D051898A}.Release|Any CPU.Build.0 = Release|Any CPU
		{097AD490-45A5-49B6-9E70-1364EB51E3E7}.Debug|Any CPU.ActiveCfg = Debug|Any CPU
		{097AD490-45A5-49B6-9E70-1364EB51E3E7}.Debug|Any CPU.Build.0 = Debug|Any CPU
		{097AD490-45A5-49B6-9E70-1364EB51E3E7}.Release|Any CPU.ActiveCfg = Release|Any CPU
		{097AD490-45A5-49B6-9E70-1364EB51E3E7}.Release|Any CPU.Build.0 = Release|Any CPU
		{62BD9CF6-CB96-4155-B5E1-FEC44D46240B}.Debug|Any CPU.ActiveCfg = Debug|Any CPU
		{62BD9CF6-CB96-4155-B5E1-FEC44D46240B}.Debug|Any CPU.Build.0 = Debug|Any CPU
		{62BD9CF6-CB96-4155-B5E1-FEC44D46240B}.Release|Any CPU.ActiveCfg = Release|Any CPU
		{62BD9CF6-CB96-4155-B5E1-FEC44D46240B}.Release|Any CPU.Build.0 = Release|Any CPU
		{ECB05FF9-D5EE-4B1B-8EBF-2DB32946225C}.Debug|Any CPU.ActiveCfg = Debug|Any CPU
		{ECB05FF9-D5EE-4B1B-8EBF-2DB32946225C}.Debug|Any CPU.Build.0 = Debug|Any CPU
		{ECB05FF9-D5EE-4B1B-8EBF-2DB32946225C}.Release|Any CPU.ActiveCfg = Release|Any CPU
		{ECB05FF9-D5EE-4B1B-8EBF-2DB32946225C}.Release|Any CPU.Build.0 = Release|Any CPU
		{42718E6A-027B-4037-BC40-B82D4F96D4AC}.Debug|Any CPU.ActiveCfg = Debug|Any CPU
		{42718E6A-027B-4037-BC40-B82D4F96D4AC}.Debug|Any CPU.Build.0 = Debug|Any CPU
		{42718E6A-027B-4037-BC40-B82D4F96D4AC}.Release|Any CPU.ActiveCfg = Release|Any CPU
		{42718E6A-027B-4037-BC40-B82D4F96D4AC}.Release|Any CPU.Build.0 = Release|Any CPU
	EndGlobalSection
	GlobalSection(SolutionProperties) = preSolution
		HideSolutionNode = FALSE
	EndGlobalSection
	GlobalSection(ExtensibilityGlobals) = postSolution
		SolutionGuid = {7A976B6F-7166-419E-A740-20B512EE816E}
	EndGlobalSection
EndGlobal
